
Microsoft Visual Studio Solution File, Format Version 12.00
# Visual Studio 15
VisualStudioVersion = 15.0.27130.0
MinimumVisualStudioVersion = 10.0.40219.1
Project("{8BC9CEB8-8B4A-11D0-8D11-00A0C91BC942}") = "THM_PGP_Projekt", "THM_PGP_Projekt\THM_PGP_Projekt.vcxproj", "{F3026A5C-31E0-459A-BCAB-26EE4CBB2F0B}"
EndProject
Global
	GlobalSection(SolutionConfigurationPlatforms) = preSolution
		Debug|x64 = Debug|x64
		Debug|x86 = Debug|x86
		Release|x64 = Release|x64
		Release|x86 = Release|x86
	EndGlobalSection
	GlobalSection(ProjectConfigurationPlatforms) = postSolution
		{F3026A5C-31E0-459A-BCAB-26EE4CBB2F0B}.Debug|x64.ActiveCfg = Debug|x64
		{F3026A5C-31E0-459A-BCAB-26EE4CBB2F0B}.Debug|x64.Build.0 = Debug|x64
		{F3026A5C-31E0-459A-BCAB-26EE4CBB2F0B}.Debug|x86.ActiveCfg = Debug|Win32
		{F3026A5C-31E0-459A-BCAB-26EE4CBB2F0B}.Debug|x86.Build.0 = Debug|Win32
		{F3026A5C-31E0-459A-BCAB-26EE4CBB2F0B}.Release|x64.ActiveCfg = Release|x64
		{F3026A5C-31E0-459A-BCAB-26EE4CBB2F0B}.Release|x64.Build.0 = Release|x64
		{F3026A5C-31E0-459A-BCAB-26EE4CBB2F0B}.Release|x86.ActiveCfg = Release|Win32
		{F3026A5C-31E0-459A-BCAB-26EE4CBB2F0B}.Release|x86.Build.0 = Release|Win32
	EndGlobalSection
	GlobalSection(SolutionProperties) = preSolution
		HideSolutionNode = FALSE
	EndGlobalSection
	GlobalSection(ExtensibilityGlobals) = postSolution
		SolutionGuid = {CDCE5724-B2F6-441C-BE31-445BB866CFB7}
	EndGlobalSection
EndGlobal
